
Microsoft Visual Studio Solution File, Format Version 12.00
# Visual Studio Version 16
VisualStudioVersion = 16.0.33927.289
MinimumVisualStudioVersion = 10.0.40219.1
Project("{2150E333-8FDC-42A3-9474-1A3956D46DE8}") = "Task0", "Task0", "{91A3971A-7C06-4CDD-8946-02B71CB9B255}"
EndProject
Project("{FAE04EC0-301F-11D3-BF4B-00C04F79EFBC}") = "Tyuiu.GrigorjanAM.Sprint6.Task0.V26.Lib", "Tyuiu.GrigorjanAM.Sprint6.Task0.V26.Lib\Tyuiu.GrigorjanAM.Sprint6.Task0.V26.Lib.csproj", "{58F58103-9D6F-4DDA-8CEC-29041412D5F8}"
EndProject
Project("{FAE04EC0-301F-11D3-BF4B-00C04F79EFBC}") = "Tyuiu.GrigorjanAM.Sprint6.Task0.V26.Test", "Tyuiu.GrigorjanAM.Sprint6.Task0.V26.Test\Tyuiu.GrigorjanAM.Sprint6.Task0.V26.Test.csproj", "{D4C1E98E-205F-479E-B5DF-7B575939A779}"
EndProject
Project("{FAE04EC0-301F-11D3-BF4B-00C04F79EFBC}") = "Tyuiu.GrigorjanAM.Sprint6.Task0.V26", "Tyuiu.GrigorjanAM.Sprint6.Task0.V26\Tyuiu.GrigorjanAM.Sprint6.Task0.V26.csproj", "{200F7168-5B13-493B-B9DC-7FC284E61008}"
EndProject
Project("{2150E333-8FDC-42A3-9474-1A3956D46DE8}") = "Task1", "Task1", "{E63DA4B7-8D06-41C9-B4DC-1DF93B017129}"
EndProject
Project("{FAE04EC0-301F-11D3-BF4B-00C04F79EFBC}") = "Tyuiu.GrigorjanAM.Sprint6.Task1.V23", "Tyuiu.GrigorjanAM.Sprint6.Task1.V23\Tyuiu.GrigorjanAM.Sprint6.Task1.V23.csproj", "{B2B6A997-AF5C-42D3-B4F8-94383EB32CA4}"
EndProject
Project("{FAE04EC0-301F-11D3-BF4B-00C04F79EFBC}") = "Tyuiu.GrigorjanAM.Sprint6.Task1.V23.Lib", "Tyuiu.GrigorjanAM.Sprint6.Task1.V23.Lib\Tyuiu.GrigorjanAM.Sprint6.Task1.V23.Lib.csproj", "{FFCA732C-D796-47EC-A5EC-2FD7635CFE6D}"
EndProject
Project("{FAE04EC0-301F-11D3-BF4B-00C04F79EFBC}") = "Tyuiu.GrigorjanAM.Sprint6.Task1.V23.Test", "Tyuiu.GrigorjanAM.Sprint6.Task1.V23.Test\Tyuiu.GrigorjanAM.Sprint6.Task1.V23.Test.csproj", "{29788086-993E-4A32-AC46-3368EEEEBFAA}"
EndProject
Project("{2150E333-8FDC-42A3-9474-1A3956D46DE8}") = "Task2", "Task2", "{0D74234E-2DAC-491B-8957-B61B50CD8122}"
EndProject
Project("{FAE04EC0-301F-11D3-BF4B-00C04F79EFBC}") = "Tyuiu.GrigorjanAM.Sprint6.Task2.V16", "Tyuiu.GrigorjanAM.Sprint6.Task2.V16\Tyuiu.GrigorjanAM.Sprint6.Task2.V16.csproj", "{54B9791E-1AE8-409E-839C-BE6D597AE599}"
EndProject
Project("{FAE04EC0-301F-11D3-BF4B-00C04F79EFBC}") = "Tyuiu.GrigorjanAM.Sprint6.Task2.V16.Lib", "Tyuiu.GrigorjanAM.Sprint6.Task2.V16.Lib\Tyuiu.GrigorjanAM.Sprint6.Task2.V16.Lib.csproj", "{74AC4989-DFF5-4AE7-A801-24C64ABED605}"
EndProject
Project("{FAE04EC0-301F-11D3-BF4B-00C04F79EFBC}") = "Tyuiu.GrigorjanAM.Sprint6.Task2.V16.Test", "Tyuiu.GrigorjanAM.Sprint6.Task2.V16.Test\Tyuiu.GrigorjanAM.Sprint6.Task2.V16.Test.csproj", "{5742A6F1-A679-4C4B-9256-B01E04456E53}"
EndProject
Project("{2150E333-8FDC-42A3-9474-1A3956D46DE8}") = "Task3", "Task3", "{08FFC331-66B4-4F9E-BAF7-E160278787E4}"
EndProject
Project("{FAE04EC0-301F-11D3-BF4B-00C04F79EFBC}") = "Tyuiu.GrigorjanAM.Sprint6.Task3.V24", "Tyuiu.GrigorjanAM.Sprint6.Task3.V24\Tyuiu.GrigorjanAM.Sprint6.Task3.V24.csproj", "{C00CAF68-5D2D-4123-B6D2-5FFF32EC3D7C}"
EndProject
Project("{FAE04EC0-301F-11D3-BF4B-00C04F79EFBC}") = "Tyuiu.GrigorjanAM.Sprint6.Task3.V24.Lib", "Tyuiu.GrigorjanAM.Sprint6.Task3.V24.Lib\Tyuiu.GrigorjanAM.Sprint6.Task3.V24.Lib.csproj", "{87CD8491-2076-46F1-900D-5F660911021E}"
EndProject
Project("{FAE04EC0-301F-11D3-BF4B-00C04F79EFBC}") = "Tyuiu.GrigorjanAM.Sprint6.Task3.V24.Test", "Tyuiu.GrigorjanAM.Sprint6.Task3.V24.Test\Tyuiu.GrigorjanAM.Sprint6.Task3.V24.Test.csproj", "{C86DF20B-5E56-438A-867C-61B034FA76A5}"
EndProject
Project("{2150E333-8FDC-42A3-9474-1A3956D46DE8}") = "Task4", "Task4", "{C40F4F91-09B7-4D8C-9911-18A7B134BD86}"
EndProject
Project("{FAE04EC0-301F-11D3-BF4B-00C04F79EFBC}") = "Tyuiu.GrigorjanAM.Sprint6.Task4.V1", "Tyuiu.GrigorjanAM.Sprint6.Task4.V1\Tyuiu.GrigorjanAM.Sprint6.Task4.V1.csproj", "{37A33F55-EF65-4B5A-818E-3DC125F4B329}"
EndProject
Project("{FAE04EC0-301F-11D3-BF4B-00C04F79EFBC}") = "Tyuiu.GrigorjanAM.Sprint6.Task4.V1.Lib", "Tyuiu.GrigorjanAM.Sprint6.Task4.V1.Lib\Tyuiu.GrigorjanAM.Sprint6.Task4.V1.Lib.csproj", "{8F397236-C932-4501-97DE-34DD93A00557}"
EndProject
Project("{FAE04EC0-301F-11D3-BF4B-00C04F79EFBC}") = "Tyuiu.GrigorjanAM.Sprint6.Task4.V1.Test", "Tyuiu.GrigorjanAM.Sprint6.Task4.V1.Test\Tyuiu.GrigorjanAM.Sprint6.Task4.V1.Test.csproj", "{63D1340A-662F-415A-BBF7-A91D8FE07425}"
EndProject
Project("{2150E333-8FDC-42A3-9474-1A3956D46DE8}") = "Task5", "Task5", "{3E139C87-D7D7-44B7-84F8-B3B3B337A926}"
EndProject
Project("{FAE04EC0-301F-11D3-BF4B-00C04F79EFBC}") = "Tyuiu.GrigorjanAM.Sprint6.Task5.V25", "Tyuiu.GrigorjanAM.Sprint6.Task5.V25\Tyuiu.GrigorjanAM.Sprint6.Task5.V25.csproj", "{4287559F-F53B-4790-8D97-ADA3EB338D45}"
EndProject
Project("{FAE04EC0-301F-11D3-BF4B-00C04F79EFBC}") = "Tyuiu.GrigorjanAM.Sprint6.Task5.V25.Lib", "Tyuiu.GrigorjanAM.Sprint6.Task5.V25.Lib\Tyuiu.GrigorjanAM.Sprint6.Task5.V25.Lib.csproj", "{6D74AB70-D262-458B-9872-94A92828F3EE}"
EndProject
Project("{FAE04EC0-301F-11D3-BF4B-00C04F79EFBC}") = "Tyuiu.GrigorjanAM.Sprint6.Task5.V25.Test", "Tyuiu.GrigorjanAM.Sprint6.Task5.V25.Test\Tyuiu.GrigorjanAM.Sprint6.Task5.V25.Test.csproj", "{A829D0CD-D616-44F8-8A45-6A91F92C860A}"
EndProject
Project("{2150E333-8FDC-42A3-9474-1A3956D46DE8}") = "Task6", "Task6", "{5F49DA76-B65F-4BB8-BB5B-47C5DACB4CC8}"
EndProject
Project("{FAE04EC0-301F-11D3-BF4B-00C04F79EFBC}") = "Tyuiu.GrigorjanAM.Sprint6.Task6.V29", "Tyuiu.GrigorjanAM.Sprint6.Task6.V29\Tyuiu.GrigorjanAM.Sprint6.Task6.V29.csproj", "{B3B197B0-AF30-40C5-9CCE-5C3F7BA0E498}"
EndProject
Project("{FAE04EC0-301F-11D3-BF4B-00C04F79EFBC}") = "Tyuiu.GrigorjanAM.Sprint6.Task6.V29.Test", "Tyuiu.GrigorjanAM.Sprint6.Task6.V29.Test\Tyuiu.GrigorjanAM.Sprint6.Task6.V29.Test.csproj", "{862573A7-755D-4CF7-B5AF-694C845538E5}"
EndProject
Project("{FAE04EC0-301F-11D3-BF4B-00C04F79EFBC}") = "Tyuiu.GrigorjanAM.Sprint6.Task6.V29.Lib", "Tyuiu.GrigorjanAM.Sprint6.Task6.V29.Lib\Tyuiu.GrigorjanAM.Sprint6.Task6.V29.Lib.csproj", "{733130D4-F5D6-4202-AE96-89714D96DA50}"
EndProject
Project("{2150E333-8FDC-42A3-9474-1A3956D46DE8}") = "Task7", "Task7", "{86FBC419-3564-412B-A441-C63D9444EF77}"
EndProject
Global
	GlobalSection(SolutionConfigurationPlatforms) = preSolution
		Debug|Any CPU = Debug|Any CPU
		Release|Any CPU = Release|Any CPU
	EndGlobalSection
	GlobalSection(ProjectConfigurationPlatforms) = postSolution
		{58F58103-9D6F-4DDA-8CEC-29041412D5F8}.Debug|Any CPU.ActiveCfg = Debug|Any CPU
		{58F58103-9D6F-4DDA-8CEC-29041412D5F8}.Debug|Any CPU.Build.0 = Debug|Any CPU
		{58F58103-9D6F-4DDA-8CEC-29041412D5F8}.Release|Any CPU.ActiveCfg = Release|Any CPU
		{58F58103-9D6F-4DDA-8CEC-29041412D5F8}.Release|Any CPU.Build.0 = Release|Any CPU
		{D4C1E98E-205F-479E-B5DF-7B575939A779}.Debug|Any CPU.ActiveCfg = Debug|Any CPU
		{D4C1E98E-205F-479E-B5DF-7B575939A779}.Debug|Any CPU.Build.0 = Debug|Any CPU
		{D4C1E98E-205F-479E-B5DF-7B575939A779}.Release|Any CPU.ActiveCfg = Release|Any CPU
		{D4C1E98E-205F-479E-B5DF-7B575939A779}.Release|Any CPU.Build.0 = Release|Any CPU
		{200F7168-5B13-493B-B9DC-7FC284E61008}.Debug|Any CPU.ActiveCfg = Debug|Any CPU
		{200F7168-5B13-493B-B9DC-7FC284E61008}.Debug|Any CPU.Build.0 = Debug|Any CPU
		{200F7168-5B13-493B-B9DC-7FC284E61008}.Release|Any CPU.ActiveCfg = Release|Any CPU
		{200F7168-5B13-493B-B9DC-7FC284E61008}.Release|Any CPU.Build.0 = Release|Any CPU
		{B2B6A997-AF5C-42D3-B4F8-94383EB32CA4}.Debug|Any CPU.ActiveCfg = Debug|Any CPU
		{B2B6A997-AF5C-42D3-B4F8-94383EB32CA4}.Debug|Any CPU.Build.0 = Debug|Any CPU
		{B2B6A997-AF5C-42D3-B4F8-94383EB32CA4}.Release|Any CPU.ActiveCfg = Release|Any CPU
		{B2B6A997-AF5C-42D3-B4F8-94383EB32CA4}.Release|Any CPU.Build.0 = Release|Any CPU
		{FFCA732C-D796-47EC-A5EC-2FD7635CFE6D}.Debug|Any CPU.ActiveCfg = Debug|Any CPU
		{FFCA732C-D796-47EC-A5EC-2FD7635CFE6D}.Debug|Any CPU.Build.0 = Debug|Any CPU
		{FFCA732C-D796-47EC-A5EC-2FD7635CFE6D}.Release|Any CPU.ActiveCfg = Release|Any CPU
		{FFCA732C-D796-47EC-A5EC-2FD7635CFE6D}.Release|Any CPU.Build.0 = Release|Any CPU
		{29788086-993E-4A32-AC46-3368EEEEBFAA}.Debug|Any CPU.ActiveCfg = Debug|Any CPU
		{29788086-993E-4A32-AC46-3368EEEEBFAA}.Debug|Any CPU.Build.0 = Debug|Any CPU
		{29788086-993E-4A32-AC46-3368EEEEBFAA}.Release|Any CPU.ActiveCfg = Release|Any CPU
		{29788086-993E-4A32-AC46-3368EEEEBFAA}.Release|Any CPU.Build.0 = Release|Any CPU
		{54B9791E-1AE8-409E-839C-BE6D597AE599}.Debug|Any CPU.ActiveCfg = Debug|Any CPU
		{54B9791E-1AE8-409E-839C-BE6D597AE599}.Debug|Any CPU.Build.0 = Debug|Any CPU
		{54B9791E-1AE8-409E-839C-BE6D597AE599}.Release|Any CPU.ActiveCfg = Release|Any CPU
		{54B9791E-1AE8-409E-839C-BE6D597AE599}.Release|Any CPU.Build.0 = Release|Any CPU
		{74AC4989-DFF5-4AE7-A801-24C64ABED605}.Debug|Any CPU.ActiveCfg = Debug|Any CPU
		{74AC4989-DFF5-4AE7-A801-24C64ABED605}.Debug|Any CPU.Build.0 = Debug|Any CPU
		{74AC4989-DFF5-4AE7-A801-24C64ABED605}.Release|Any CPU.ActiveCfg = Release|Any CPU
		{74AC4989-DFF5-4AE7-A801-24C64ABED605}.Release|Any CPU.Build.0 = Release|Any CPU
		{5742A6F1-A679-4C4B-9256-B01E04456E53}.Debug|Any CPU.ActiveCfg = Debug|Any CPU
		{5742A6F1-A679-4C4B-9256-B01E04456E53}.Debug|Any CPU.Build.0 = Debug|Any CPU
		{5742A6F1-A679-4C4B-9256-B01E04456E53}.Release|Any CPU.ActiveCfg = Release|Any CPU
		{5742A6F1-A679-4C4B-9256-B01E04456E53}.Release|Any CPU.Build.0 = Release|Any CPU
		{C00CAF68-5D2D-4123-B6D2-5FFF32EC3D7C}.Debug|Any CPU.ActiveCfg = Debug|Any CPU
		{C00CAF68-5D2D-4123-B6D2-5FFF32EC3D7C}.Debug|Any CPU.Build.0 = Debug|Any CPU
		{C00CAF68-5D2D-4123-B6D2-5FFF32EC3D7C}.Release|Any CPU.ActiveCfg = Release|Any CPU
		{C00CAF68-5D2D-4123-B6D2-5FFF32EC3D7C}.Release|Any CPU.Build.0 = Release|Any CPU
		{87CD8491-2076-46F1-900D-5F660911021E}.Debug|Any CPU.ActiveCfg = Debug|Any CPU
		{87CD8491-2076-46F1-900D-5F660911021E}.Debug|Any CPU.Build.0 = Debug|Any CPU
		{87CD8491-2076-46F1-900D-5F660911021E}.Release|Any CPU.ActiveCfg = Release|Any CPU
		{87CD8491-2076-46F1-900D-5F660911021E}.Release|Any CPU.Build.0 = Release|Any CPU
		{C86DF20B-5E56-438A-867C-61B034FA76A5}.Debug|Any CPU.ActiveCfg = Debug|Any CPU
		{C86DF20B-5E56-438A-867C-61B034FA76A5}.Debug|Any CPU.Build.0 = Debug|Any CPU
		{C86DF20B-5E56-438A-867C-61B034FA76A5}.Release|Any CPU.ActiveCfg = Release|Any CPU
		{C86DF20B-5E56-438A-867C-61B034FA76A5}.Release|Any CPU.Build.0 = Release|Any CPU
		{37A33F55-EF65-4B5A-818E-3DC125F4B329}.Debug|Any CPU.ActiveCfg = Debug|Any CPU
		{37A33F55-EF65-4B5A-818E-3DC125F4B329}.Debug|Any CPU.Build.0 = Debug|Any CPU
		{37A33F55-EF65-4B5A-818E-3DC125F4B329}.Release|Any CPU.ActiveCfg = Release|Any CPU
		{37A33F55-EF65-4B5A-818E-3DC125F4B329}.Release|Any CPU.Build.0 = Release|Any CPU
		{8F397236-C932-4501-97DE-34DD93A00557}.Debug|Any CPU.ActiveCfg = Debug|Any CPU
		{8F397236-C932-4501-97DE-34DD93A00557}.Debug|Any CPU.Build.0 = Debug|Any CPU
		{8F397236-C932-4501-97DE-34DD93A00557}.Release|Any CPU.ActiveCfg = Release|Any CPU
		{8F397236-C932-4501-97DE-34DD93A00557}.Release|Any CPU.Build.0 = Release|Any CPU
		{63D1340A-662F-415A-BBF7-A91D8FE07425}.Debug|Any CPU.ActiveCfg = Debug|Any CPU
		{63D1340A-662F-415A-BBF7-A91D8FE07425}.Debug|Any CPU.Build.0 = Debug|Any CPU
		{63D1340A-662F-415A-BBF7-A91D8FE07425}.Release|Any CPU.ActiveCfg = Release|Any CPU
		{63D1340A-662F-415A-BBF7-A91D8FE07425}.Release|Any CPU.Build.0 = Release|Any CPU
		{4287559F-F53B-4790-8D97-ADA3EB338D45}.Debug|Any CPU.ActiveCfg = Debug|Any CPU
		{4287559F-F53B-4790-8D97-ADA3EB338D45}.Debug|Any CPU.Build.0 = Debug|Any CPU
		{4287559F-F53B-4790-8D97-ADA3EB338D45}.Release|Any CPU.ActiveCfg = Release|Any CPU
		{4287559F-F53B-4790-8D97-ADA3EB338D45}.Release|Any CPU.Build.0 = Release|Any CPU
		{6D74AB70-D262-458B-9872-94A92828F3EE}.Debug|Any CPU.ActiveCfg = Debug|Any CPU
		{6D74AB70-D262-458B-9872-94A92828F3EE}.Debug|Any CPU.Build.0 = Debug|Any CPU
		{6D74AB70-D262-458B-9872-94A92828F3EE}.Release|Any CPU.ActiveCfg = Release|Any CPU
		{6D74AB70-D262-458B-9872-94A92828F3EE}.Release|Any CPU.Build.0 = Release|Any CPU
		{A829D0CD-D616-44F8-8A45-6A91F92C860A}.Debug|Any CPU.ActiveCfg = Debug|Any CPU
		{A829D0CD-D616-44F8-8A45-6A91F92C860A}.Debug|Any CPU.Build.0 = Debug|Any CPU
		{A829D0CD-D616-44F8-8A45-6A91F92C860A}.Release|Any CPU.ActiveCfg = Release|Any CPU
		{A829D0CD-D616-44F8-8A45-6A91F92C860A}.Release|Any CPU.Build.0 = Release|Any CPU
		{B3B197B0-AF30-40C5-9CCE-5C3F7BA0E498}.Debug|Any CPU.ActiveCfg = Debug|Any CPU
		{B3B197B0-AF30-40C5-9CCE-5C3F7BA0E498}.Debug|Any CPU.Build.0 = Debug|Any CPU
		{B3B197B0-AF30-40C5-9CCE-5C3F7BA0E498}.Release|Any CPU.ActiveCfg = Release|Any CPU
		{B3B197B0-AF30-40C5-9CCE-5C3F7BA0E498}.Release|Any CPU.Build.0 = Release|Any CPU
		{862573A7-755D-4CF7-B5AF-694C845538E5}.Debug|Any CPU.ActiveCfg = Debug|Any CPU
		{862573A7-755D-4CF7-B5AF-694C845538E5}.Debug|Any CPU.Build.0 = Debug|Any CPU
		{862573A7-755D-4CF7-B5AF-694C845538E5}.Release|Any CPU.ActiveCfg = Release|Any CPU
		{862573A7-755D-4CF7-B5AF-694C845538E5}.Release|Any CPU.Build.0 = Release|Any CPU
		{733130D4-F5D6-4202-AE96-89714D96DA50}.Debug|Any CPU.ActiveCfg = Debug|Any CPU
		{733130D4-F5D6-4202-AE96-89714D96DA50}.Debug|Any CPU.Build.0 = Debug|Any CPU
		{733130D4-F5D6-4202-AE96-89714D96DA50}.Release|Any CPU.ActiveCfg = Release|Any CPU
		{733130D4-F5D6-4202-AE96-89714D96DA50}.Release|Any CPU.Build.0 = Release|Any CPU
	EndGlobalSection
	GlobalSection(SolutionProperties) = preSolution
		HideSolutionNode = FALSE
	EndGlobalSection
	GlobalSection(NestedProjects) = preSolution
		{58F58103-9D6F-4DDA-8CEC-29041412D5F8} = {91A3971A-7C06-4CDD-8946-02B71CB9B255}
		{D4C1E98E-205F-479E-B5DF-7B575939A779} = {91A3971A-7C06-4CDD-8946-02B71CB9B255}
		{200F7168-5B13-493B-B9DC-7FC284E61008} = {91A3971A-7C06-4CDD-8946-02B71CB9B255}
		{B2B6A997-AF5C-42D3-B4F8-94383EB32CA4} = {E63DA4B7-8D06-41C9-B4DC-1DF93B017129}
		{FFCA732C-D796-47EC-A5EC-2FD7635CFE6D} = {E63DA4B7-8D06-41C9-B4DC-1DF93B017129}
		{29788086-993E-4A32-AC46-3368EEEEBFAA} = {E63DA4B7-8D06-41C9-B4DC-1DF93B017129}
		{54B9791E-1AE8-409E-839C-BE6D597AE599} = {0D74234E-2DAC-491B-8957-B61B50CD8122}
		{74AC4989-DFF5-4AE7-A801-24C64ABED605} = {0D74234E-2DAC-491B-8957-B61B50CD8122}
		{5742A6F1-A679-4C4B-9256-B01E04456E53} = {0D74234E-2DAC-491B-8957-B61B50CD8122}
		{C00CAF68-5D2D-4123-B6D2-5FFF32EC3D7C} = {08FFC331-66B4-4F9E-BAF7-E160278787E4}
		{87CD8491-2076-46F1-900D-5F660911021E} = {08FFC331-66B4-4F9E-BAF7-E160278787E4}
		{C86DF20B-5E56-438A-867C-61B034FA76A5} = {08FFC331-66B4-4F9E-BAF7-E160278787E4}
		{37A33F55-EF65-4B5A-818E-3DC125F4B329} = {C40F4F91-09B7-4D8C-9911-18A7B134BD86}
		{8F397236-C932-4501-97DE-34DD93A00557} = {C40F4F91-09B7-4D8C-9911-18A7B134BD86}
		{63D1340A-662F-415A-BBF7-A91D8FE07425} = {C40F4F91-09B7-4D8C-9911-18A7B134BD86}
		{4287559F-F53B-4790-8D97-ADA3EB338D45} = {3E139C87-D7D7-44B7-84F8-B3B3B337A926}
		{6D74AB70-D262-458B-9872-94A92828F3EE} = {3E139C87-D7D7-44B7-84F8-B3B3B337A926}
		{A829D0CD-D616-44F8-8A45-6A91F92C860A} = {3E139C87-D7D7-44B7-84F8-B3B3B337A926}
		{B3B197B0-AF30-40C5-9CCE-5C3F7BA0E498} = {5F49DA76-B65F-4BB8-BB5B-47C5DACB4CC8}
		{862573A7-755D-4CF7-B5AF-694C845538E5} = {5F49DA76-B65F-4BB8-BB5B-47C5DACB4CC8}
		{733130D4-F5D6-4202-AE96-89714D96DA50} = {5F49DA76-B65F-4BB8-BB5B-47C5DACB4CC8}
	EndGlobalSection
	GlobalSection(ExtensibilityGlobals) = postSolution
		SolutionGuid = {20A2876A-F7E2-4995-84E4-D37B1887F454}
	EndGlobalSection
EndGlobal
