
Microsoft Visual Studio Solution File, Format Version 12.00
# Visual Studio Version 16
VisualStudioVersion = 16.0.33927.289
MinimumVisualStudioVersion = 10.0.40219.1
Project("{2150E333-8FDC-42A3-9474-1A3956D46DE8}") = "Task0", "Task0", "{91A3971A-7C06-4CDD-8946-02B71CB9B255}"
EndProject
Project("{FAE04EC0-301F-11D3-BF4B-00C04F79EFBC}") = "Tyuiu.GrigorjanAM.Sprint6.Task0.V26.Lib", "Tyuiu.GrigorjanAM.Sprint6.Task0.V26.Lib\Tyuiu.GrigorjanAM.Sprint6.Task0.V26.Lib.csproj", "{58F58103-9D6F-4DDA-8CEC-29041412D5F8}"
EndProject
Project("{FAE04EC0-301F-11D3-BF4B-00C04F79EFBC}") = "Tyuiu.GrigorjanAM.Sprint6.Task0.V26.Test", "Tyuiu.GrigorjanAM.Sprint6.Task0.V26.Test\Tyuiu.GrigorjanAM.Sprint6.Task0.V26.Test.csproj", "{D4C1E98E-205F-479E-B5DF-7B575939A779}"
EndProject
Project("{FAE04EC0-301F-11D3-BF4B-00C04F79EFBC}") = "Tyuiu.GrigorjanAM.Sprint6.Task0.V26", "Tyuiu.GrigorjanAM.Sprint6.Task0.V26\Tyuiu.GrigorjanAM.Sprint6.Task0.V26.csproj", "{200F7168-5B13-493B-B9DC-7FC284E61008}"
EndProject
Project("{2150E333-8FDC-42A3-9474-1A3956D46DE8}") = "Task1", "Task1", "{E63DA4B7-8D06-41C9-B4DC-1DF93B017129}"
EndProject
Project("{FAE04EC0-301F-11D3-BF4B-00C04F79EFBC}") = "Tyuiu.GrigorjanAM.Sprint6.Task1.V23", "Tyuiu.GrigorjanAM.Sprint6.Task1.V23\Tyuiu.GrigorjanAM.Sprint6.Task1.V23.csproj", "{B2B6A997-AF5C-42D3-B4F8-94383EB32CA4}"
EndProject
Project("{FAE04EC0-301F-11D3-BF4B-00C04F79EFBC}") = "Tyuiu.GrigorjanAM.Sprint6.Task1.V23.Lib", "Tyuiu.GrigorjanAM.Sprint6.Task1.V23.Lib\Tyuiu.GrigorjanAM.Sprint6.Task1.V23.Lib.csproj", "{FFCA732C-D796-47EC-A5EC-2FD7635CFE6D}"
EndProject
Project("{FAE04EC0-301F-11D3-BF4B-00C04F79EFBC}") = "Tyuiu.GrigorjanAM.Sprint6.Task1.V23.Test", "Tyuiu.GrigorjanAM.Sprint6.Task1.V23.Test\Tyuiu.GrigorjanAM.Sprint6.Task1.V23.Test.csproj", "{29788086-993E-4A32-AC46-3368EEEEBFAA}"
EndProject
Project("{2150E333-8FDC-42A3-9474-1A3956D46DE8}") = "Task2", "Task2", "{0D74234E-2DAC-491B-8957-B61B50CD8122}"
EndProject
Project("{FAE04EC0-301F-11D3-BF4B-00C04F79EFBC}") = "Tyuiu.GrigorjanAM.Sprint6.Task2.V16", "Tyuiu.GrigorjanAM.Sprint6.Task2.V16\Tyuiu.GrigorjanAM.Sprint6.Task2.V16.csproj", "{54B9791E-1AE8-409E-839C-BE6D597AE599}"
EndProject
Project("{FAE04EC0-301F-11D3-BF4B-00C04F79EFBC}") = "Tyuiu.GrigorjanAM.Sprint6.Task2.V16.Lib", "Tyuiu.GrigorjanAM.Sprint6.Task2.V16.Lib\Tyuiu.GrigorjanAM.Sprint6.Task2.V16.Lib.csproj", "{74AC4989-DFF5-4AE7-A801-24C64ABED605}"
EndProject
Project("{FAE04EC0-301F-11D3-BF4B-00C04F79EFBC}") = "Tyuiu.GrigorjanAM.Sprint6.Task2.V16.Test", "Tyuiu.GrigorjanAM.Sprint6.Task2.V16.Test\Tyuiu.GrigorjanAM.Sprint6.Task2.V16.Test.csproj", "{5742A6F1-A679-4C4B-9256-B01E04456E53}"
EndProject
Global
	GlobalSection(SolutionConfigurationPlatforms) = preSolution
		Debug|Any CPU = Debug|Any CPU
		Release|Any CPU = Release|Any CPU
	EndGlobalSection
	GlobalSection(ProjectConfigurationPlatforms) = postSolution
		{58F58103-9D6F-4DDA-8CEC-29041412D5F8}.Debug|Any CPU.ActiveCfg = Debug|Any CPU
		{58F58103-9D6F-4DDA-8CEC-29041412D5F8}.Debug|Any CPU.Build.0 = Debug|Any CPU
		{58F58103-9D6F-4DDA-8CEC-29041412D5F8}.Release|Any CPU.ActiveCfg = Release|Any CPU
		{58F58103-9D6F-4DDA-8CEC-29041412D5F8}.Release|Any CPU.Build.0 = Release|Any CPU
		{D4C1E98E-205F-479E-B5DF-7B575939A779}.Debug|Any CPU.ActiveCfg = Debug|Any CPU
		{D4C1E98E-205F-479E-B5DF-7B575939A779}.Debug|Any CPU.Build.0 = Debug|Any CPU
		{D4C1E98E-205F-479E-B5DF-7B575939A779}.Release|Any CPU.ActiveCfg = Release|Any CPU
		{D4C1E98E-205F-479E-B5DF-7B575939A779}.Release|Any CPU.Build.0 = Release|Any CPU
		{200F7168-5B13-493B-B9DC-7FC284E61008}.Debug|Any CPU.ActiveCfg = Debug|Any CPU
		{200F7168-5B13-493B-B9DC-7FC284E61008}.Debug|Any CPU.Build.0 = Debug|Any CPU
		{200F7168-5B13-493B-B9DC-7FC284E61008}.Release|Any CPU.ActiveCfg = Release|Any CPU
		{200F7168-5B13-493B-B9DC-7FC284E61008}.Release|Any CPU.Build.0 = Release|Any CPU
		{B2B6A997-AF5C-42D3-B4F8-94383EB32CA4}.Debug|Any CPU.ActiveCfg = Debug|Any CPU
		{B2B6A997-AF5C-42D3-B4F8-94383EB32CA4}.Debug|Any CPU.Build.0 = Debug|Any CPU
		{B2B6A997-AF5C-42D3-B4F8-94383EB32CA4}.Release|Any CPU.ActiveCfg = Release|Any CPU
		{B2B6A997-AF5C-42D3-B4F8-94383EB32CA4}.Release|Any CPU.Build.0 = Release|Any CPU
		{FFCA732C-D796-47EC-A5EC-2FD7635CFE6D}.Debug|Any CPU.ActiveCfg = Debug|Any CPU
		{FFCA732C-D796-47EC-A5EC-2FD7635CFE6D}.Debug|Any CPU.Build.0 = Debug|Any CPU
		{FFCA732C-D796-47EC-A5EC-2FD7635CFE6D}.Release|Any CPU.ActiveCfg = Release|Any CPU
		{FFCA732C-D796-47EC-A5EC-2FD7635CFE6D}.Release|Any CPU.Build.0 = Release|Any CPU
		{29788086-993E-4A32-AC46-3368EEEEBFAA}.Debug|Any CPU.ActiveCfg = Debug|Any CPU
		{29788086-993E-4A32-AC46-3368EEEEBFAA}.Debug|Any CPU.Build.0 = Debug|Any CPU
		{29788086-993E-4A32-AC46-3368EEEEBFAA}.Release|Any CPU.ActiveCfg = Release|Any CPU
		{29788086-993E-4A32-AC46-3368EEEEBFAA}.Release|Any CPU.Build.0 = Release|Any CPU
		{54B9791E-1AE8-409E-839C-BE6D597AE599}.Debug|Any CPU.ActiveCfg = Debug|Any CPU
		{54B9791E-1AE8-409E-839C-BE6D597AE599}.Debug|Any CPU.Build.0 = Debug|Any CPU
		{54B9791E-1AE8-409E-839C-BE6D597AE599}.Release|Any CPU.ActiveCfg = Release|Any CPU
		{54B9791E-1AE8-409E-839C-BE6D597AE599}.Release|Any CPU.Build.0 = Release|Any CPU
		{74AC4989-DFF5-4AE7-A801-24C64ABED605}.Debug|Any CPU.ActiveCfg = Debug|Any CPU
		{74AC4989-DFF5-4AE7-A801-24C64ABED605}.Debug|Any CPU.Build.0 = Debug|Any CPU
		{74AC4989-DFF5-4AE7-A801-24C64ABED605}.Release|Any CPU.ActiveCfg = Release|Any CPU
		{74AC4989-DFF5-4AE7-A801-24C64ABED605}.Release|Any CPU.Build.0 = Release|Any CPU
		{5742A6F1-A679-4C4B-9256-B01E04456E53}.Debug|Any CPU.ActiveCfg = Debug|Any CPU
		{5742A6F1-A679-4C4B-9256-B01E04456E53}.Debug|Any CPU.Build.0 = Debug|Any CPU
		{5742A6F1-A679-4C4B-9256-B01E04456E53}.Release|Any CPU.ActiveCfg = Release|Any CPU
		{5742A6F1-A679-4C4B-9256-B01E04456E53}.Release|Any CPU.Build.0 = Release|Any CPU
	EndGlobalSection
	GlobalSection(SolutionProperties) = preSolution
		HideSolutionNode = FALSE
	EndGlobalSection
	GlobalSection(NestedProjects) = preSolution
		{58F58103-9D6F-4DDA-8CEC-29041412D5F8} = {91A3971A-7C06-4CDD-8946-02B71CB9B255}
		{D4C1E98E-205F-479E-B5DF-7B575939A779} = {91A3971A-7C06-4CDD-8946-02B71CB9B255}
		{200F7168-5B13-493B-B9DC-7FC284E61008} = {91A3971A-7C06-4CDD-8946-02B71CB9B255}
		{B2B6A997-AF5C-42D3-B4F8-94383EB32CA4} = {E63DA4B7-8D06-41C9-B4DC-1DF93B017129}
		{FFCA732C-D796-47EC-A5EC-2FD7635CFE6D} = {E63DA4B7-8D06-41C9-B4DC-1DF93B017129}
		{29788086-993E-4A32-AC46-3368EEEEBFAA} = {E63DA4B7-8D06-41C9-B4DC-1DF93B017129}
		{54B9791E-1AE8-409E-839C-BE6D597AE599} = {0D74234E-2DAC-491B-8957-B61B50CD8122}
		{74AC4989-DFF5-4AE7-A801-24C64ABED605} = {0D74234E-2DAC-491B-8957-B61B50CD8122}
		{5742A6F1-A679-4C4B-9256-B01E04456E53} = {0D74234E-2DAC-491B-8957-B61B50CD8122}
	EndGlobalSection
	GlobalSection(ExtensibilityGlobals) = postSolution
		SolutionGuid = {20A2876A-F7E2-4995-84E4-D37B1887F454}
	EndGlobalSection
EndGlobal
